
Microsoft Visual Studio Solution File, Format Version 12.00
# Visual Studio Version 16
VisualStudioVersion = 16.0.30503.244
MinimumVisualStudioVersion = 10.0.40219.1
Project("{FAE04EC0-301F-11D3-BF4B-00C04F79EFBC}") = "AppUpdatedXamarin.Android", "AppUpdatedXamarin\AppUpdatedXamarin.Android\AppUpdatedXamarin.Android.csproj", "{1BF76B1D-35C7-466C-812A-D1AF3598F44C}"
EndProject
Project("{FAE04EC0-301F-11D3-BF4B-00C04F79EFBC}") = "AppUpdatedXamarin", "AppUpdatedXamarin\AppUpdatedXamarin\AppUpdatedXamarin.csproj", "{20CB2EC3-AD8B-420E-9925-4049BDFA222E}"
EndProject
Global
	GlobalSection(SolutionConfigurationPlatforms) = preSolution
		Debug|Any CPU = Debug|Any CPU
		Release|Any CPU = Release|Any CPU
	EndGlobalSection
	GlobalSection(ProjectConfigurationPlatforms) = postSolution
		{1BF76B1D-35C7-466C-812A-D1AF3598F44C}.Debug|Any CPU.ActiveCfg = Debug|Any CPU
		{1BF76B1D-35C7-466C-812A-D1AF3598F44C}.Debug|Any CPU.Build.0 = Debug|Any CPU
		{1BF76B1D-35C7-466C-812A-D1AF3598F44C}.Debug|Any CPU.Deploy.0 = Debug|Any CPU
		{1BF76B1D-35C7-466C-812A-D1AF3598F44C}.Release|Any CPU.ActiveCfg = Release|Any CPU
		{1BF76B1D-35C7-466C-812A-D1AF3598F44C}.Release|Any CPU.Build.0 = Release|Any CPU
		{1BF76B1D-35C7-466C-812A-D1AF3598F44C}.Release|Any CPU.Deploy.0 = Release|Any CPU
		{20CB2EC3-AD8B-420E-9925-4049BDFA222E}.Debug|Any CPU.ActiveCfg = Debug|Any CPU
		{20CB2EC3-AD8B-420E-9925-4049BDFA222E}.Debug|Any CPU.Build.0 = Debug|Any CPU
		{20CB2EC3-AD8B-420E-9925-4049BDFA222E}.Debug|Any CPU.Deploy.0 = Debug|Any CPU
		{20CB2EC3-AD8B-420E-9925-4049BDFA222E}.Release|Any CPU.ActiveCfg = Release|Any CPU
		{20CB2EC3-AD8B-420E-9925-4049BDFA222E}.Release|Any CPU.Build.0 = Release|Any CPU
		{20CB2EC3-AD8B-420E-9925-4049BDFA222E}.Release|Any CPU.Deploy.0 = Release|Any CPU
	EndGlobalSection
	GlobalSection(SolutionProperties) = preSolution
		HideSolutionNode = FALSE
	EndGlobalSection
	GlobalSection(ExtensibilityGlobals) = postSolution
		SolutionGuid = {DE6D08CE-7623-4AD9-8192-99499255145C}
	EndGlobalSection
EndGlobal
